
Microsoft Visual Studio Solution File, Format Version 12.00
# Visual Studio 15
VisualStudioVersion = 15.0.26430.6
MinimumVisualStudioVersion = 10.0.40219.1
Project("{FAE04EC0-301F-11D3-BF4B-00C04F79EFBC}") = "01. Max Sequence of Equal Elements", "01. Max Sequence of Equal Elements\01. Max Sequence of Equal Elements.csproj", "{86730262-C908-428E-BBD5-18687D61929A}"
EndProject
Project("{FAE04EC0-301F-11D3-BF4B-00C04F79EFBC}") = "2. Change List", "2. Change List\2. Change List.csproj", "{EB64B951-6CE6-4515-93D5-BA54E0D56D13}"
EndProject
Project("{FAE04EC0-301F-11D3-BF4B-00C04F79EFBC}") = "3. Search for a Number", "2. Search for a Number\3. Search for a Number.csproj", "{0505E21E-0F33-4989-A1AA-10A91C60A022}"
EndProject
Project("{FAE04EC0-301F-11D3-BF4B-00C04F79EFBC}") = "4. Longest Increasing Subsequence (LIS)", "3. Longest Increasing Subsequence (LIS)\4. Longest Increasing Subsequence (LIS).csproj", "{8556D571-0B15-4B09-98E2-4EA3840566F4}"
EndProject
Project("{FAE04EC0-301F-11D3-BF4B-00C04F79EFBC}") = "5.  Array Manipulator", "5.  Array Manipulator\5.  Array Manipulator.csproj", "{24CE2963-5FA8-4CE7-B939-136763542E65}"
EndProject
Project("{FAE04EC0-301F-11D3-BF4B-00C04F79EFBC}") = "6. Sum Reversed Numbers", "6. Sum Reversed Numbers\6. Sum Reversed Numbers.csproj", "{2BF56A82-FDCF-4F3B-8DDE-DC42EF6ACC60}"
EndProject
Project("{FAE04EC0-301F-11D3-BF4B-00C04F79EFBC}") = "7. Bomb Numbers", "7. Bomb Numbers\7. Bomb Numbers.csproj", "{77E68F79-4CA1-4F63-897D-5C17770F1D13}"
EndProject
Global
	GlobalSection(SolutionConfigurationPlatforms) = preSolution
		Debug|Any CPU = Debug|Any CPU
		Release|Any CPU = Release|Any CPU
	EndGlobalSection
	GlobalSection(ProjectConfigurationPlatforms) = postSolution
		{86730262-C908-428E-BBD5-18687D61929A}.Debug|Any CPU.ActiveCfg = Debug|Any CPU
		{86730262-C908-428E-BBD5-18687D61929A}.Debug|Any CPU.Build.0 = Debug|Any CPU
		{86730262-C908-428E-BBD5-18687D61929A}.Release|Any CPU.ActiveCfg = Release|Any CPU
		{86730262-C908-428E-BBD5-18687D61929A}.Release|Any CPU.Build.0 = Release|Any CPU
		{EB64B951-6CE6-4515-93D5-BA54E0D56D13}.Debug|Any CPU.ActiveCfg = Debug|Any CPU
		{EB64B951-6CE6-4515-93D5-BA54E0D56D13}.Debug|Any CPU.Build.0 = Debug|Any CPU
		{EB64B951-6CE6-4515-93D5-BA54E0D56D13}.Release|Any CPU.ActiveCfg = Release|Any CPU
		{EB64B951-6CE6-4515-93D5-BA54E0D56D13}.Release|Any CPU.Build.0 = Release|Any CPU
		{0505E21E-0F33-4989-A1AA-10A91C60A022}.Debug|Any CPU.ActiveCfg = Debug|Any CPU
		{0505E21E-0F33-4989-A1AA-10A91C60A022}.Debug|Any CPU.Build.0 = Debug|Any CPU
		{0505E21E-0F33-4989-A1AA-10A91C60A022}.Release|Any CPU.ActiveCfg = Release|Any CPU
		{0505E21E-0F33-4989-A1AA-10A91C60A022}.Release|Any CPU.Build.0 = Release|Any CPU
		{8556D571-0B15-4B09-98E2-4EA3840566F4}.Debug|Any CPU.ActiveCfg = Debug|Any CPU
		{8556D571-0B15-4B09-98E2-4EA3840566F4}.Debug|Any CPU.Build.0 = Debug|Any CPU
		{8556D571-0B15-4B09-98E2-4EA3840566F4}.Release|Any CPU.ActiveCfg = Release|Any CPU
		{8556D571-0B15-4B09-98E2-4EA3840566F4}.Release|Any CPU.Build.0 = Release|Any CPU
		{24CE2963-5FA8-4CE7-B939-136763542E65}.Debug|Any CPU.ActiveCfg = Debug|Any CPU
		{24CE2963-5FA8-4CE7-B939-136763542E65}.Debug|Any CPU.Build.0 = Debug|Any CPU
		{24CE2963-5FA8-4CE7-B939-136763542E65}.Release|Any CPU.ActiveCfg = Release|Any CPU
		{24CE2963-5FA8-4CE7-B939-136763542E65}.Release|Any CPU.Build.0 = Release|Any CPU
		{2BF56A82-FDCF-4F3B-8DDE-DC42EF6ACC60}.Debug|Any CPU.ActiveCfg = Debug|Any CPU
		{2BF56A82-FDCF-4F3B-8DDE-DC42EF6ACC60}.Debug|Any CPU.Build.0 = Debug|Any CPU
		{2BF56A82-FDCF-4F3B-8DDE-DC42EF6ACC60}.Release|Any CPU.ActiveCfg = Release|Any CPU
		{2BF56A82-FDCF-4F3B-8DDE-DC42EF6ACC60}.Release|Any CPU.Build.0 = Release|Any CPU
		{77E68F79-4CA1-4F63-897D-5C17770F1D13}.Debug|Any CPU.ActiveCfg = Debug|Any CPU
		{77E68F79-4CA1-4F63-897D-5C17770F1D13}.Debug|Any CPU.Build.0 = Debug|Any CPU
		{77E68F79-4CA1-4F63-897D-5C17770F1D13}.Release|Any CPU.ActiveCfg = Release|Any CPU
		{77E68F79-4CA1-4F63-897D-5C17770F1D13}.Release|Any CPU.Build.0 = Release|Any CPU
	EndGlobalSection
	GlobalSection(SolutionProperties) = preSolution
		HideSolutionNode = FALSE
	EndGlobalSection
EndGlobal
