
Microsoft Visual Studio Solution File, Format Version 12.00
# Visual Studio 15
VisualStudioVersion = 15.0.26430.6
MinimumVisualStudioVersion = 10.0.40219.1
Project("{FAE04EC0-301F-11D3-BF4B-00C04F79EFBC}") = "1. Match Full Name", "1. Match Full Name\1. Match Full Name.csproj", "{853CA425-51FE-44C5-86D3-A2833F6DFD49}"
EndProject
Project("{FAE04EC0-301F-11D3-BF4B-00C04F79EFBC}") = "2. Match Phone Number", "2. Match Phone Number\2. Match Phone Number.csproj", "{6FC7C278-1737-4CC8-9C99-777AE6509AF8}"
EndProject
Project("{FAE04EC0-301F-11D3-BF4B-00C04F79EFBC}") = "3. Match Hexadecimal Numbers", "3. Match Hexadecimal Numbers\3. Match Hexadecimal Numbers.csproj", "{D0F25DD7-C5E2-4A24-9A0E-84DA9EC7A031}"
EndProject
Project("{FAE04EC0-301F-11D3-BF4B-00C04F79EFBC}") = "4. Match Dates", "4. Match Dates\4. Match Dates.csproj", "{2A371130-E9C4-41CB-8BE2-F77A266F70C2}"
EndProject
Global
	GlobalSection(SolutionConfigurationPlatforms) = preSolution
		Debug|Any CPU = Debug|Any CPU
		Release|Any CPU = Release|Any CPU
	EndGlobalSection
	GlobalSection(ProjectConfigurationPlatforms) = postSolution
		{853CA425-51FE-44C5-86D3-A2833F6DFD49}.Debug|Any CPU.ActiveCfg = Debug|Any CPU
		{853CA425-51FE-44C5-86D3-A2833F6DFD49}.Debug|Any CPU.Build.0 = Debug|Any CPU
		{853CA425-51FE-44C5-86D3-A2833F6DFD49}.Release|Any CPU.ActiveCfg = Release|Any CPU
		{853CA425-51FE-44C5-86D3-A2833F6DFD49}.Release|Any CPU.Build.0 = Release|Any CPU
		{6FC7C278-1737-4CC8-9C99-777AE6509AF8}.Debug|Any CPU.ActiveCfg = Debug|Any CPU
		{6FC7C278-1737-4CC8-9C99-777AE6509AF8}.Debug|Any CPU.Build.0 = Debug|Any CPU
		{6FC7C278-1737-4CC8-9C99-777AE6509AF8}.Release|Any CPU.ActiveCfg = Release|Any CPU
		{6FC7C278-1737-4CC8-9C99-777AE6509AF8}.Release|Any CPU.Build.0 = Release|Any CPU
		{D0F25DD7-C5E2-4A24-9A0E-84DA9EC7A031}.Debug|Any CPU.ActiveCfg = Debug|Any CPU
		{D0F25DD7-C5E2-4A24-9A0E-84DA9EC7A031}.Debug|Any CPU.Build.0 = Debug|Any CPU
		{D0F25DD7-C5E2-4A24-9A0E-84DA9EC7A031}.Release|Any CPU.ActiveCfg = Release|Any CPU
		{D0F25DD7-C5E2-4A24-9A0E-84DA9EC7A031}.Release|Any CPU.Build.0 = Release|Any CPU
		{2A371130-E9C4-41CB-8BE2-F77A266F70C2}.Debug|Any CPU.ActiveCfg = Debug|Any CPU
		{2A371130-E9C4-41CB-8BE2-F77A266F70C2}.Debug|Any CPU.Build.0 = Debug|Any CPU
		{2A371130-E9C4-41CB-8BE2-F77A266F70C2}.Release|Any CPU.ActiveCfg = Release|Any CPU
		{2A371130-E9C4-41CB-8BE2-F77A266F70C2}.Release|Any CPU.Build.0 = Release|Any CPU
	EndGlobalSection
	GlobalSection(SolutionProperties) = preSolution
		HideSolutionNode = FALSE
	EndGlobalSection
EndGlobal
